// !$*UTF8*$!
{
	archiveVersion = 1;
	classes = {
	};
	objectVersion = 50;
	objects = {

/* Begin PBXBuildFile section */
		328849D721723D4F007286EC /* AppDelegate.swift in Sources */ = {isa = PBXBuildFile; fileRef = 328849D621723D4F007286EC /* AppDelegate.swift */; };
		328849D921723D4F007286EC /* ViewController.swift in Sources */ = {isa = PBXBuildFile; fileRef = 328849D821723D4F007286EC /* ViewController.swift */; };
		328849DC21723D4F007286EC /* Main.storyboard in Resources */ = {isa = PBXBuildFile; fileRef = 328849DA21723D4F007286EC /* Main.storyboard */; };
		328849DF21723D4F007286EC /* instagramSharing.xcdatamodeld in Sources */ = {isa = PBXBuildFile; fileRef = 328849DD21723D4F007286EC /* instagramSharing.xcdatamodeld */; };
		328849E121723D50007286EC /* Assets.xcassets in Resources */ = {isa = PBXBuildFile; fileRef = 328849E021723D50007286EC /* Assets.xcassets */; };
		328849E421723D50007286EC /* LaunchScreen.storyboard in Resources */ = {isa = PBXBuildFile; fileRef = 328849E221723D50007286EC /* LaunchScreen.storyboard */; };
/* End PBXBuildFile section */

/* Begin PBXFileReference section */
		328849D321723D4F007286EC /* instagramSharing.app */ = {isa = PBXFileReference; explicitFileType = wrapper.application; includeInIndex = 0; path = instagramSharing.app; sourceTree = BUILT_PRODUCTS_DIR; };
		328849D621723D4F007286EC /* AppDelegate.swift */ = {isa = PBXFileReference; lastKnownFileType = sourcecode.swift; path = AppDelegate.swift; sourceTree = "<group>"; };
		328849D821723D4F007286EC /* ViewController.swift */ = {isa = PBXFileReference; lastKnownFileType = sourcecode.swift; path = ViewController.swift; sourceTree = "<group>"; };
		328849DB21723D4F007286EC /* Base */ = {isa = PBXFileReference; lastKnownFileType = file.storyboard; name = Base; path = Base.lproj/Main.storyboard; sourceTree = "<group>"; };
		328849DE21723D4F007286EC /* instagramSharing.xcdatamodel */ = {isa = PBXFileReference; lastKnownFileType = wrapper.xcdatamodel; path = instagramSharing.xcdatamodel; sourceTree = "<group>"; };
		328849E021723D50007286EC /* Assets.xcassets */ = {isa = PBXFileReference; lastKnownFileType = folder.assetcatalog; path = Assets.xcassets; sourceTree = "<group>"; };
		328849E321723D50007286EC /* Base */ = {isa = PBXFileReference; lastKnownFileType = file.storyboard; name = Base; path = Base.lproj/LaunchScreen.storyboard; sourceTree = "<group>"; };
		328849E521723D50007286EC /* Info.plist */ = {isa = PBXFileReference; lastKnownFileType = text.plist.xml; path = Info.plist; sourceTree = "<group>"; };
/* End PBXFileReference section */

/* Begin PBXFrameworksBuildPhase section */
		328849D021723D4F007286EC /* Frameworks */ = {
			isa = PBXFrameworksBuildPhase;
			buildActionMask = 2147483647;
			files = (
			);
			runOnlyForDeploymentPostprocessing = 0;
		};
/* End PBXFrameworksBuildPhase section */

/* Begin PBXGroup section */
		328849CA21723D4F007286EC = {
			isa = PBXGroup;
			children = (
				328849D521723D4F007286EC /* instagramSharing */,
				328849D421723D4F007286EC /* Products */,
			);
			sourceTree = "<group>";
		};
		328849D421723D4F007286EC /* Products */ = {
			isa = PBXGroup;
			children = (
				328849D321723D4F007286EC /* instagramSharing.app */,
			);
			name = Products;
			sourceTree = "<group>";
		};
		328849D521723D4F007286EC /* instagramSharing */ = {
			isa = PBXGroup;
			children = (
				328849D621723D4F007286EC /* AppDelegate.swift */,
				328849D821723D4F007286EC /* ViewController.swift */,
				328849DA21723D4F007286EC /* Main.storyboard */,
				328849E021723D50007286EC /* Assets.xcassets */,
				328849E221723D50007286EC /* LaunchScreen.storyboard */,
				328849E521723D50007286EC /* Info.plist */,
				328849DD21723D4F007286EC /* instagramSharing.xcdatamodeld */,
			);
			path = instagramSharing;
			sourceTree = "<group>";
		};
/* End PBXGroup section */

/* Begin PBXNativeTarget section */
		328849D221723D4F007286EC /* instagramSharing */ = {
			isa = PBXNativeTarget;
			buildConfigurationList = 328849E821723D50007286EC /* Build configuration list for PBXNativeTarget "instagramSharing" */;
			buildPhases = (
				328849CF21723D4F007286EC /* Sources */,
				328849D021723D4F007286EC /* Frameworks */,
				328849D121723D4F007286EC /* Resources */,
			);
			buildRules = (
			);
			dependencies = (
			);
			name = instagramSharing;
			productName = instagramSharing;
			productReference = 328849D321723D4F007286EC /* instagramSharing.app */;
			productType = "com.apple.product-type.application";
		};
/* End PBXNativeTarget section */

/* Begin PBXProject section */
		328849CB21723D4F007286EC /* Project object */ = {
			isa = PBXProject;
			attributes = {
				LastSwiftUpdateCheck = 0930;
				LastUpgradeCheck = 0930;
				ORGANIZATIONNAME = "Zyad Galal";
				TargetAttributes = {
					328849D221723D4F007286EC = {
						CreatedOnToolsVersion = 9.3;
					};
				};
			};
			buildConfigurationList = 328849CE21723D4F007286EC /* Build configuration list for PBXProject "instagramSharing" */;
			compatibilityVersion = "Xcode 9.3";
			developmentRegion = en;
			hasScannedForEncodings = 0;
			knownRegions = (
				en,
				Base,
			);
			mainGroup = 328849CA21723D4F007286EC;
			productRefGroup = 328849D421723D4F007286EC /* Products */;
			projectDirPath = "";
			projectRoot = "";
			targets = (
				328849D221723D4F007286EC /* instagramSharing */,
			);
		};
/* End PBXProject section */

/* Begin PBXResourcesBuildPhase section */
		328849D121723D4F007286EC /* Resources */ = {
			isa = PBXResourcesBuildPhase;
			buildActionMask = 2147483647;
			files = (
				328849E421723D50007286EC /* LaunchScreen.storyboard in Resources */,
				328849E121723D50007286EC /* Assets.xcassets in Resources */,
				328849DC21723D4F007286EC /* Main.storyboard in Resources */,
			);
			runOnlyForDeploymentPostprocessing = 0;
		};
/* End PBXResourcesBuildPhase section */

/* Begin PBXSourcesBuildPhase section */
		328849CF21723D4F007286EC /* Sources */ = {
			isa = PBXSourcesBuildPhase;
			buildActionMask = 2147483647;
			files = (
				328849DF21723D4F007286EC /* instagramSharing.xcdatamodeld in Sources */,
				328849D921723D4F007286EC /* ViewController.swift in Sources */,
				328849D721723D4F007286EC /* AppDelegate.swift in Sources */,
			);
			runOnlyForDeploymentPostprocessing = 0;
		};
/* End PBXSourcesBuildPhase section */

/* Begin PBXVariantGroup section */
		328849DA21723D4F007286EC /* Main.storyboard */ = {
			isa = PBXVariantGroup;
			children = (
				328849DB21723D4F007286EC /* Base */,
			);
			name = Main.storyboard;
			sourceTree = "<group>";
		};
		328849E221723D50007286EC /* LaunchScreen.storyboard */ = {
			isa = PBXVariantGroup;
			children = (
				328849E321723D50007286EC /* Base */,
			);
			name = LaunchScreen.storyboard;
			sourceTree = "<group>";
		};
/* End PBXVariantGroup section */

/* Begin XCBuildConfiguration section */
		328849E621723D50007286EC /* Debug */ = {
			isa = XCBuildConfiguration;
			buildSettings = {
				ALWAYS_SEARCH_USER_PATHS = NO;
				CLANG_ANALYZER_NONNULL = YES;
				CLANG_ANALYZER_NUMBER_OBJECT_CONVERSION = YES_AGGRESSIVE;
				CLANG_CXX_LANGUAGE_STANDARD = "gnu++14";
				CLANG_CXX_LIBRARY = "libc++";
				CLANG_ENABLE_MODULES = YES;
				CLANG_ENABLE_OBJC_ARC = YES;
				CLANG_ENABLE_OBJC_WEAK = YES;
				CLANG_WARN_BLOCK_CAPTURE_AUTORELEASING = YES;
				CLANG_WARN_BOOL_CONVERSION = YES;
				CLANG_WARN_COMMA = YES;
				CLANG_WARN_CONSTANT_CONVERSION = YES;
				CLANG_WARN_DEPRECATED_OBJC_IMPLEMENTATIONS = YES;
				CLANG_WARN_DIRECT_OBJC_ISA_USAGE = YES_ERROR;
				CLANG_WARN_DOCUMENTATION_COMMENTS = YES;
				CLANG_WARN_EMPTY_BODY = YES;
				CLANG_WARN_ENUM_CONVERSION = YES;
				CLANG_WARN_INFINITE_RECURSION = YES;
				CLANG_WARN_INT_CONVERSION = YES;
				CLANG_WARN_NON_LITERAL_NULL_CONVERSION = YES;
				CLANG_WARN_OBJC_IMPLICIT_RETAIN_SELF = YES;
				CLANG_WARN_OBJC_LITERAL_CONVERSION = YES;
				CLANG_WARN_OBJC_ROOT_CLASS = YES_ERROR;
				CLANG_WARN_RANGE_LOOP_ANALYSIS = YES;
				CLANG_WARN_STRICT_PROTOTYPES = YES;
				CLANG_WARN_SUSPICIOUS_MOVE = YES;
				CLANG_WARN_UNGUARDED_AVAILABILITY = YES_AGGRESSIVE;
				CLANG_WARN_UNREACHABLE_CODE = YES;
				CLANG_WARN__DUPLICATE_METHOD_MATCH = YES;
				CODE_SIGN_IDENTITY = "iPhone Developer";
				COPY_PHASE_STRIP = NO;
				DEBUG_INFORMATION_FORMAT = dwarf;
				ENABLE_STRICT_OBJC_MSGSEND = YES;
				ENABLE_TESTABILITY = YES;
				GCC_C_LANGUAGE_STANDARD = gnu11;
				GCC_DYNAMIC_NO_PIC = NO;
				GCC_NO_COMMON_BLOCKS = YES;
				GCC_OPTIMIZATION_LEVEL = 0;
				GCC_PREPROCESSOR_DEFINITIONS = (
					"DEBUG=1",
					"$(inherited)",
				);
				GCC_WARN_64_TO_32_BIT_CONVERSION = YES;
				GCC_WARN_ABOUT_RETURN_TYPE = YES_ERROR;
				GCC_WARN_UNDECLARED_SELECTOR = YES;
				GCC_WARN_UNINITIALIZED_AUTOS = YES_AGGRESSIVE;
				GCC_WARN_UNUSED_FUNCTION = YES;
				GCC_WARN_UNUSED_VARIABLE = YES;
				IPHONEOS_DEPLOYMENT_TARGET = 11.3;
				MTL_ENABLE_DEBUG_INFO = YES;
				ONLY_ACTIVE_ARCH = YES;
				SDKROOT = iphoneos;
				SWIFT_ACTIVE_COMPILATION_CONDITIONS = DEBUG;
				SWIFT_OPTIMIZATION_LEVEL = "-Onone";
			};
			name = Debug;
		};
		328849E721723D50007286EC /* Release */ = {
			isa = XCBuildConfiguration;
			buildSettings = {
				ALWAYS_SEARCH_USER_PATHS = NO;
				CLANG_ANALYZER_NONNULL = YES;
				CLANG_ANALYZER_NUMBER_OBJECT_CONVERSION = YES_AGGRESSIVE;
				CLANG_CXX_LANGUAGE_STANDARD = "gnu++14";
				CLANG_CXX_LIBRARY = "libc++";
				CLANG_ENABLE_MODULES = YES;
				CLANG_ENABLE_OBJC_ARC = YES;
				CLANG_ENABLE_OBJC_WEAK = YES;
				CLANG_WARN_BLOCK_CAPTURE_AUTORELEASING = YES;
				CLANG_WARN_BOOL_CONVERSION = YES;
				CLANG_WARN_COMMA = YES;
				CLANG_WARN_CONSTANT_CONVERSION = YES;
				CLANG_WARN_DEPRECATED_OBJC_IMPLEMENTATIONS = YES;
				CLANG_WARN_DIRECT_OBJC_ISA_USAGE = YES_ERROR;
				CLANG_WARN_DOCUMENTATION_COMMENTS = YES;
				CLANG_WARN_EMPTY_BODY = YES;
				CLANG_WARN_ENUM_CONVERSION = YES;
				CLANG_WARN_INFINITE_RECURSION = YES;
				CLANG_WARN_INT_CONVERSION = YES;
				CLANG_WARN_NON_LITERAL_NULL_CONVERSION = YES;
				CLANG_WARN_OBJC_IMPLICIT_RETAIN_SELF = YES;
				CLANG_WARN_OBJC_LITERAL_CONVERSION = YES;
				CLANG_WARN_OBJC_ROOT_CLASS = YES_ERROR;
				CLANG_WARN_RANGE_LOOP_ANALYSIS = YES;
				CLANG_WARN_STRICT_PROTOTYPES = YES;
				CLANG_WARN_SUSPICIOUS_MOVE = YES;
				CLANG_WARN_UNGUARDED_AVAILABILITY = YES_AGGRESSIVE;
				CLANG_WARN_UNREACHABLE_CODE = YES;
				CLANG_WARN__DUPLICATE_METHOD_MATCH = YES;
				CODE_SIGN_IDENTITY = "iPhone Developer";
				COPY_PHASE_STRIP = NO;
				DEBUG_INFORMATION_FORMAT = "dwarf-with-dsym";
				ENABLE_NS_ASSERTIONS = NO;
				ENABLE_STRICT_OBJC_MSGSEND = YES;
				GCC_C_LANGUAGE_STANDARD = gnu11;
				GCC_NO_COMMON_BLOCKS = YES;
				GCC_WARN_64_TO_32_BIT_CONVERSION = YES;
				GCC_WARN_ABOUT_RETURN_TYPE = YES_ERROR;
				GCC_WARN_UNDECLARED_SELECTOR = YES;
				GCC_WARN_UNINITIALIZED_AUTOS = YES_AGGRESSIVE;
				GCC_WARN_UNUSED_FUNCTION = YES;
				GCC_WARN_UNUSED_VARIABLE = YES;
				IPHONEOS_DEPLOYMENT_TARGET = 11.3;
				MTL_ENABLE_DEBUG_INFO = NO;
				SDKROOT = iphoneos;
				SWIFT_COMPILATION_MODE = wholemodule;
				SWIFT_OPTIMIZATION_LEVEL = "-O";
				VALIDATE_PRODUCT = YES;
			};
			name = Release;
		};
		328849E921723D50007286EC /* Debug */ = {
			isa = XCBuildConfiguration;
			buildSettings = {
				ASSETCATALOG_COMPILER_APPICON_NAME = AppIcon;
				CODE_SIGN_STYLE = Automatic;
				DEVELOPMENT_TEAM = MLXYZ7TJ5Q;
				INFOPLIST_FILE = instagramSharing/Info.plist;
				LD_RUNPATH_SEARCH_PATHS = (
					"$(inherited)",
					"@executable_path/Frameworks",
				);
				PRODUCT_BUNDLE_IDENTIFIER = com.zyadgalal.instagramSharing;
				PRODUCT_NAME = "$(TARGET_NAME)";
				SWIFT_VERSION = 4.0;
				TARGETED_DEVICE_FAMILY = "1,2";
			};
			name = Debug;
		};
		328849EA21723D50007286EC /* Release */ = {
			isa = XCBuildConfiguration;
			buildSettings = {
				ASSETCATALOG_COMPILER_APPICON_NAME = AppIcon;
				CODE_SIGN_STYLE = Automatic;
				DEVELOPMENT_TEAM = MLXYZ7TJ5Q;
				INFOPLIST_FILE = instagramSharing/Info.plist;
				LD_RUNPATH_SEARCH_PATHS = (
					"$(inherited)",
					"@executable_path/Frameworks",
				);
				PRODUCT_BUNDLE_IDENTIFIER = com.zyadgalal.instagramSharing;
				PRODUCT_NAME = "$(TARGET_NAME)";
				SWIFT_VERSION = 4.0;
				TARGETED_DEVICE_FAMILY = "1,2";
			};
			name = Release;
		};
/* End XCBuildConfiguration section */

/* Begin XCConfigurationList section */
		328849CE21723D4F007286EC /* Build configuration list for PBXProject "instagramSharing" */ = {
			isa = XCConfigurationList;
			buildConfigurations = (
				328849E621723D50007286EC /* Debug */,
				328849E721723D50007286EC /* Release */,
			);
			defaultConfigurationIsVisible = 0;
			defaultConfigurationName = Release;
		};
		328849E821723D50007286EC /* Build configuration list for PBXNativeTarget "instagramSharing" */ = {
			isa = XCConfigurationList;
			buildConfigurations = (
				328849E921723D50007286EC /* Debug */,
				328849EA21723D50007286EC /* Release */,
			);
			defaultConfigurationIsVisible = 0;
			defaultConfigurationName = Release;
		};
/* End XCConfigurationList section */

/* Begin XCVersionGroup section */
		328849DD21723D4F007286EC /* instagramSharing.xcdatamodeld */ = {
			isa = XCVersionGroup;
			children = (
				328849DE21723D4F007286EC /* instagramSharing.xcdatamodel */,
			);
			currentVersion = 328849DE21723D4F007286EC /* instagramSharing.xcdatamodel */;
			path = instagramSharing.xcdatamodeld;
			sourceTree = "<group>";
			versionGroupType = wrapper.xcdatamodel;
		};
/* End XCVersionGroup section */
	};
	rootObject = 328849CB21723D4F007286EC /* Project object */;
}
